// !$*UTF8*$!
{
	archiveVersion = 1;
	classes = {
	};
	objectVersion = 46;
	objects = {

/* Begin PBXBuildFile section */
		CF9B082A19A3D89F000BAE68 /* Foundation.framework in Frameworks */ = {isa = PBXBuildFile; fileRef = CF9B082919A3D89F000BAE68 /* Foundation.framework */; };
		CF9B082C19A3D89F000BAE68 /* CoreGraphics.framework in Frameworks */ = {isa = PBXBuildFile; fileRef = CF9B082B19A3D89F000BAE68 /* CoreGraphics.framework */; };
		CF9B082E19A3D89F000BAE68 /* UIKit.framework in Frameworks */ = {isa = PBXBuildFile; fileRef = CF9B082D19A3D89F000BAE68 /* UIKit.framework */; };
		CF9B083419A3D89F000BAE68 /* InfoPlist.strings in Resources */ = {isa = PBXBuildFile; fileRef = CF9B083219A3D89F000BAE68 /* InfoPlist.strings */; };
		CF9B083619A3D89F000BAE68 /* main.m in Sources */ = {isa = PBXBuildFile; fileRef = CF9B083519A3D89F000BAE68 /* main.m */; };
		CF9B083A19A3D89F000BAE68 /* AppDelegate.m in Sources */ = {isa = PBXBuildFile; fileRef = CF9B083919A3D89F000BAE68 /* AppDelegate.m */; };
		CF9B083D19A3D89F000BAE68 /* Main.storyboard in Resources */ = {isa = PBXBuildFile; fileRef = CF9B083B19A3D89F000BAE68 /* Main.storyboard */; };
		CF9B084219A3D89F000BAE68 /* Images.xcassets in Resources */ = {isa = PBXBuildFile; fileRef = CF9B084119A3D89F000BAE68 /* Images.xcassets */; };
		CF9B084919A3D89F000BAE68 /* XCTest.framework in Frameworks */ = {isa = PBXBuildFile; fileRef = CF9B084819A3D89F000BAE68 /* XCTest.framework */; };
		CF9B084A19A3D89F000BAE68 /* Foundation.framework in Frameworks */ = {isa = PBXBuildFile; fileRef = CF9B082919A3D89F000BAE68 /* Foundation.framework */; };
		CF9B084B19A3D89F000BAE68 /* UIKit.framework in Frameworks */ = {isa = PBXBuildFile; fileRef = CF9B082D19A3D89F000BAE68 /* UIKit.framework */; };
		CF9B085319A3D89F000BAE68 /* InfoPlist.strings in Resources */ = {isa = PBXBuildFile; fileRef = CF9B085119A3D89F000BAE68 /* InfoPlist.strings */; };
		CF9B085519A3D89F000BAE68 /* CustomFBLoginTests.m in Sources */ = {isa = PBXBuildFile; fileRef = CF9B085419A3D89F000BAE68 /* CustomFBLoginTests.m */; };
		CF9B085F19A3D8AD000BAE68 /* FacebookSDK.framework in Frameworks */ = {isa = PBXBuildFile; fileRef = CF9B085E19A3D8AD000BAE68 /* FacebookSDK.framework */; };
		CFD8F07B19A6213A0057C87C /* LoggedinViewController.m in Sources */ = {isa = PBXBuildFile; fileRef = CFD8F07A19A6213A0057C87C /* LoggedinViewController.m */; };
		CFD8F07E19A621800057C87C /* FirstViewController.m in Sources */ = {isa = PBXBuildFile; fileRef = CFD8F07D19A621800057C87C /* FirstViewController.m */; };
		CFD8F08119A63E590057C87C /* cs.gif in Resources */ = {isa = PBXBuildFile; fileRef = CFD8F08019A63E590057C87C /* cs.gif */; };
/* End PBXBuildFile section */

/* Begin PBXContainerItemProxy section */
		CF9B084C19A3D89F000BAE68 /* PBXContainerItemProxy */ = {
			isa = PBXContainerItemProxy;
			containerPortal = CF9B081E19A3D89F000BAE68 /* Project object */;
			proxyType = 1;
			remoteGlobalIDString = CF9B082519A3D89F000BAE68;
			remoteInfo = CustomFBLogin;
		};
/* End PBXContainerItemProxy section */

/* Begin PBXFileReference section */
		CF9B082619A3D89F000BAE68 /* CustomFBLogin.app */ = {isa = PBXFileReference; explicitFileType = wrapper.application; includeInIndex = 0; path = CustomFBLogin.app; sourceTree = BUILT_PRODUCTS_DIR; };
		CF9B082919A3D89F000BAE68 /* Foundation.framework */ = {isa = PBXFileReference; lastKnownFileType = wrapper.framework; name = Foundation.framework; path = System/Library/Frameworks/Foundation.framework; sourceTree = SDKROOT; };
		CF9B082B19A3D89F000BAE68 /* CoreGraphics.framework */ = {isa = PBXFileReference; lastKnownFileType = wrapper.framework; name = CoreGraphics.framework; path = System/Library/Frameworks/CoreGraphics.framework; sourceTree = SDKROOT; };
		CF9B082D19A3D89F000BAE68 /* UIKit.framework */ = {isa = PBXFileReference; lastKnownFileType = wrapper.framework; name = UIKit.framework; path = System/Library/Frameworks/UIKit.framework; sourceTree = SDKROOT; };
		CF9B083119A3D89F000BAE68 /* CustomFBLogin-Info.plist */ = {isa = PBXFileReference; lastKnownFileType = text.plist.xml; path = "CustomFBLogin-Info.plist"; sourceTree = "<group>"; };
		CF9B083319A3D89F000BAE68 /* en */ = {isa = PBXFileReference; lastKnownFileType = text.plist.strings; name = en; path = en.lproj/InfoPlist.strings; sourceTree = "<group>"; };
		CF9B083519A3D89F000BAE68 /* main.m */ = {isa = PBXFileReference; lastKnownFileType = sourcecode.c.objc; path = main.m; sourceTree = "<group>"; };
		CF9B083719A3D89F000BAE68 /* CustomFBLogin-Prefix.pch */ = {isa = PBXFileReference; lastKnownFileType = sourcecode.c.h; path = "CustomFBLogin-Prefix.pch"; sourceTree = "<group>"; };
		CF9B083819A3D89F000BAE68 /* AppDelegate.h */ = {isa = PBXFileReference; lastKnownFileType = sourcecode.c.h; path = AppDelegate.h; sourceTree = "<group>"; };
		CF9B083919A3D89F000BAE68 /* AppDelegate.m */ = {isa = PBXFileReference; lastKnownFileType = sourcecode.c.objc; path = AppDelegate.m; sourceTree = "<group>"; };
		CF9B083C19A3D89F000BAE68 /* Base */ = {isa = PBXFileReference; lastKnownFileType = file.storyboard; name = Base; path = Base.lproj/Main.storyboard; sourceTree = "<group>"; };
		CF9B084119A3D89F000BAE68 /* Images.xcassets */ = {isa = PBXFileReference; lastKnownFileType = folder.assetcatalog; path = Images.xcassets; sourceTree = "<group>"; };
		CF9B084719A3D89F000BAE68 /* CustomFBLoginTests.xctest */ = {isa = PBXFileReference; explicitFileType = wrapper.cfbundle; includeInIndex = 0; path = CustomFBLoginTests.xctest; sourceTree = BUILT_PRODUCTS_DIR; };
		CF9B084819A3D89F000BAE68 /* XCTest.framework */ = {isa = PBXFileReference; lastKnownFileType = wrapper.framework; name = XCTest.framework; path = Library/Frameworks/XCTest.framework; sourceTree = DEVELOPER_DIR; };
		CF9B085019A3D89F000BAE68 /* CustomFBLoginTests-Info.plist */ = {isa = PBXFileReference; lastKnownFileType = text.plist.xml; path = "CustomFBLoginTests-Info.plist"; sourceTree = "<group>"; };
		CF9B085219A3D89F000BAE68 /* en */ = {isa = PBXFileReference; lastKnownFileType = text.plist.strings; name = en; path = en.lproj/InfoPlist.strings; sourceTree = "<group>"; };
		CF9B085419A3D89F000BAE68 /* CustomFBLoginTests.m */ = {isa = PBXFileReference; lastKnownFileType = sourcecode.c.objc; path = CustomFBLoginTests.m; sourceTree = "<group>"; };
		CF9B085E19A3D8AD000BAE68 /* FacebookSDK.framework */ = {isa = PBXFileReference; lastKnownFileType = wrapper.framework; name = FacebookSDK.framework; path = ../../Documents/FacebookSDK/FacebookSDK.framework; sourceTree = "<group>"; };
		CFD8F07919A6213A0057C87C /* LoggedinViewController.h */ = {isa = PBXFileReference; fileEncoding = 4; lastKnownFileType = sourcecode.c.h; name = LoggedinViewController.h; path = CustomFBLogin/LoggedinViewController.h; sourceTree = "<group>"; };
		CFD8F07A19A6213A0057C87C /* LoggedinViewController.m */ = {isa = PBXFileReference; fileEncoding = 4; lastKnownFileType = sourcecode.c.objc; name = LoggedinViewController.m; path = CustomFBLogin/LoggedinViewController.m; sourceTree = "<group>"; };
		CFD8F07C19A621800057C87C /* FirstViewController.h */ = {isa = PBXFileReference; fileEncoding = 4; lastKnownFileType = sourcecode.c.h; path = FirstViewController.h; sourceTree = "<group>"; };
		CFD8F07D19A621800057C87C /* FirstViewController.m */ = {isa = PBXFileReference; fileEncoding = 4; lastKnownFileType = sourcecode.c.objc; path = FirstViewController.m; sourceTree = "<group>"; };
		CFD8F08019A63E590057C87C /* cs.gif */ = {isa = PBXFileReference; lastKnownFileType = image.gif; name = cs.gif; path = ../cs.gif; sourceTree = "<group>"; };
/* End PBXFileReference section */

/* Begin PBXFrameworksBuildPhase section */
		CF9B082319A3D89F000BAE68 /* Frameworks */ = {
			isa = PBXFrameworksBuildPhase;
			buildActionMask = 2147483647;
			files = (
				CF9B082C19A3D89F000BAE68 /* CoreGraphics.framework in Frameworks */,
				CF9B085F19A3D8AD000BAE68 /* FacebookSDK.framework in Frameworks */,
				CF9B082E19A3D89F000BAE68 /* UIKit.framework in Frameworks */,
				CF9B082A19A3D89F000BAE68 /* Foundation.framework in Frameworks */,
			);
			runOnlyForDeploymentPostprocessing = 0;
		};
		CF9B084419A3D89F000BAE68 /* Frameworks */ = {
			isa = PBXFrameworksBuildPhase;
			buildActionMask = 2147483647;
			files = (
				CF9B084919A3D89F000BAE68 /* XCTest.framework in Frameworks */,
				CF9B084B19A3D89F000BAE68 /* UIKit.framework in Frameworks */,
				CF9B084A19A3D89F000BAE68 /* Foundation.framework in Frameworks */,
			);
			runOnlyForDeploymentPostprocessing = 0;
		};
/* End PBXFrameworksBuildPhase section */

/* Begin PBXGroup section */
		CF9B081D19A3D89F000BAE68 = {
			isa = PBXGroup;
			children = (
				CFD8F08219A63E600057C87C /* images */,
				CFD8F07F19A621840057C87C /* views */,
				CF9B082F19A3D89F000BAE68 /* CustomFBLogin */,
				CF9B084E19A3D89F000BAE68 /* CustomFBLoginTests */,
				CF9B082819A3D89F000BAE68 /* Frameworks */,
				CF9B082719A3D89F000BAE68 /* Products */,
			);
			sourceTree = "<group>";
		};
		CF9B082719A3D89F000BAE68 /* Products */ = {
			isa = PBXGroup;
			children = (
				CF9B082619A3D89F000BAE68 /* CustomFBLogin.app */,
				CF9B084719A3D89F000BAE68 /* CustomFBLoginTests.xctest */,
			);
			name = Products;
			sourceTree = "<group>";
		};
		CF9B082819A3D89F000BAE68 /* Frameworks */ = {
			isa = PBXGroup;
			children = (
				CF9B085E19A3D8AD000BAE68 /* FacebookSDK.framework */,
				CF9B082919A3D89F000BAE68 /* Foundation.framework */,
				CF9B082B19A3D89F000BAE68 /* CoreGraphics.framework */,
				CF9B082D19A3D89F000BAE68 /* UIKit.framework */,
				CF9B084819A3D89F000BAE68 /* XCTest.framework */,
			);
			name = Frameworks;
			sourceTree = "<group>";
		};
		CF9B082F19A3D89F000BAE68 /* CustomFBLogin */ = {
			isa = PBXGroup;
			children = (
				CF9B083819A3D89F000BAE68 /* AppDelegate.h */,
				CF9B083919A3D89F000BAE68 /* AppDelegate.m */,
				CF9B083B19A3D89F000BAE68 /* Main.storyboard */,
				CF9B084119A3D89F000BAE68 /* Images.xcassets */,
				CF9B083019A3D89F000BAE68 /* Supporting Files */,
			);
			path = CustomFBLogin;
			sourceTree = "<group>";
		};
		CF9B083019A3D89F000BAE68 /* Supporting Files */ = {
			isa = PBXGroup;
			children = (
				CF9B083119A3D89F000BAE68 /* CustomFBLogin-Info.plist */,
				CF9B083219A3D89F000BAE68 /* InfoPlist.strings */,
				CF9B083519A3D89F000BAE68 /* main.m */,
				CF9B083719A3D89F000BAE68 /* CustomFBLogin-Prefix.pch */,
			);
			name = "Supporting Files";
			sourceTree = "<group>";
		};
		CF9B084E19A3D89F000BAE68 /* CustomFBLoginTests */ = {
			isa = PBXGroup;
			children = (
				CF9B085419A3D89F000BAE68 /* CustomFBLoginTests.m */,
				CF9B084F19A3D89F000BAE68 /* Supporting Files */,
			);
			path = CustomFBLoginTests;
			sourceTree = "<group>";
		};
		CF9B084F19A3D89F000BAE68 /* Supporting Files */ = {
			isa = PBXGroup;
			children = (
				CF9B085019A3D89F000BAE68 /* CustomFBLoginTests-Info.plist */,
				CF9B085119A3D89F000BAE68 /* InfoPlist.strings */,
			);
			name = "Supporting Files";
			sourceTree = "<group>";
		};
		CFD8F07F19A621840057C87C /* views */ = {
			isa = PBXGroup;
			children = (
				CFD8F07919A6213A0057C87C /* LoggedinViewController.h */,
				CFD8F07A19A6213A0057C87C /* LoggedinViewController.m */,
				CFD8F07C19A621800057C87C /* FirstViewController.h */,
				CFD8F07D19A621800057C87C /* FirstViewController.m */,
			);
			name = views;
			sourceTree = "<group>";
		};
		CFD8F08219A63E600057C87C /* images */ = {
			isa = PBXGroup;
			children = (
				CFD8F08019A63E590057C87C /* cs.gif */,
			);
			name = images;
			sourceTree = "<group>";
		};
/* End PBXGroup section */

/* Begin PBXNativeTarget section */
		CF9B082519A3D89F000BAE68 /* CustomFBLogin */ = {
			isa = PBXNativeTarget;
			buildConfigurationList = CF9B085819A3D89F000BAE68 /* Build configuration list for PBXNativeTarget "CustomFBLogin" */;
			buildPhases = (
				CF9B082219A3D89F000BAE68 /* Sources */,
				CF9B082319A3D89F000BAE68 /* Frameworks */,
				CF9B082419A3D89F000BAE68 /* Resources */,
			);
			buildRules = (
			);
			dependencies = (
			);
			name = CustomFBLogin;
			productName = CustomFBLogin;
			productReference = CF9B082619A3D89F000BAE68 /* CustomFBLogin.app */;
			productType = "com.apple.product-type.application";
		};
		CF9B084619A3D89F000BAE68 /* CustomFBLoginTests */ = {
			isa = PBXNativeTarget;
			buildConfigurationList = CF9B085B19A3D89F000BAE68 /* Build configuration list for PBXNativeTarget "CustomFBLoginTests" */;
			buildPhases = (
				CF9B084319A3D89F000BAE68 /* Sources */,
				CF9B084419A3D89F000BAE68 /* Frameworks */,
				CF9B084519A3D89F000BAE68 /* Resources */,
			);
			buildRules = (
			);
			dependencies = (
				CF9B084D19A3D89F000BAE68 /* PBXTargetDependency */,
			);
			name = CustomFBLoginTests;
			productName = CustomFBLoginTests;
			productReference = CF9B084719A3D89F000BAE68 /* CustomFBLoginTests.xctest */;
			productType = "com.apple.product-type.bundle.unit-test";
		};
/* End PBXNativeTarget section */

/* Begin PBXProject section */
		CF9B081E19A3D89F000BAE68 /* Project object */ = {
			isa = PBXProject;
			attributes = {
				LastUpgradeCheck = 0510;
				ORGANIZATIONNAME = "Yasin Aktimur";
				TargetAttributes = {
					CF9B084619A3D89F000BAE68 = {
						TestTargetID = CF9B082519A3D89F000BAE68;
					};
				};
			};
			buildConfigurationList = CF9B082119A3D89F000BAE68 /* Build configuration list for PBXProject "CustomFBLogin" */;
			compatibilityVersion = "Xcode 3.2";
			developmentRegion = English;
			hasScannedForEncodings = 0;
			knownRegions = (
				en,
				Base,
			);
			mainGroup = CF9B081D19A3D89F000BAE68;
			productRefGroup = CF9B082719A3D89F000BAE68 /* Products */;
			projectDirPath = "";
			projectRoot = "";
			targets = (
				CF9B082519A3D89F000BAE68 /* CustomFBLogin */,
				CF9B084619A3D89F000BAE68 /* CustomFBLoginTests */,
			);
		};
/* End PBXProject section */

/* Begin PBXResourcesBuildPhase section */
		CF9B082419A3D89F000BAE68 /* Resources */ = {
			isa = PBXResourcesBuildPhase;
			buildActionMask = 2147483647;
			files = (
				CFD8F08119A63E590057C87C /* cs.gif in Resources */,
				CF9B084219A3D89F000BAE68 /* Images.xcassets in Resources */,
				CF9B083419A3D89F000BAE68 /* InfoPlist.strings in Resources */,
				CF9B083D19A3D89F000BAE68 /* Main.storyboard in Resources */,
			);
			runOnlyForDeploymentPostprocessing = 0;
		};
		CF9B084519A3D89F000BAE68 /* Resources */ = {
			isa = PBXResourcesBuildPhase;
			buildActionMask = 2147483647;
			files = (
				CF9B085319A3D89F000BAE68 /* InfoPlist.strings in Resources */,
			);
			runOnlyForDeploymentPostprocessing = 0;
		};
/* End PBXResourcesBuildPhase section */

/* Begin PBXSourcesBuildPhase section */
		CF9B082219A3D89F000BAE68 /* Sources */ = {
			isa = PBXSourcesBuildPhase;
			buildActionMask = 2147483647;
			files = (
				CF9B083A19A3D89F000BAE68 /* AppDelegate.m in Sources */,
				CF9B083619A3D89F000BAE68 /* main.m in Sources */,
				CFD8F07B19A6213A0057C87C /* LoggedinViewController.m in Sources */,
				CFD8F07E19A621800057C87C /* FirstViewController.m in Sources */,
			);
			runOnlyForDeploymentPostprocessing = 0;
		};
		CF9B084319A3D89F000BAE68 /* Sources */ = {
			isa = PBXSourcesBuildPhase;
			buildActionMask = 2147483647;
			files = (
				CF9B085519A3D89F000BAE68 /* CustomFBLoginTests.m in Sources */,
			);
			runOnlyForDeploymentPostprocessing = 0;
		};
/* End PBXSourcesBuildPhase section */

/* Begin PBXTargetDependency section */
		CF9B084D19A3D89F000BAE68 /* PBXTargetDependency */ = {
			isa = PBXTargetDependency;
			target = CF9B082519A3D89F000BAE68 /* CustomFBLogin */;
			targetProxy = CF9B084C19A3D89F000BAE68 /* PBXContainerItemProxy */;
		};
/* End PBXTargetDependency section */

/* Begin PBXVariantGroup section */
		CF9B083219A3D89F000BAE68 /* InfoPlist.strings */ = {
			isa = PBXVariantGroup;
			children = (
				CF9B083319A3D89F000BAE68 /* en */,
			);
			name = InfoPlist.strings;
			sourceTree = "<group>";
		};
		CF9B083B19A3D89F000BAE68 /* Main.storyboard */ = {
			isa = PBXVariantGroup;
			children = (
				CF9B083C19A3D89F000BAE68 /* Base */,
			);
			name = Main.storyboard;
			sourceTree = "<group>";
		};
		CF9B085119A3D89F000BAE68 /* InfoPlist.strings */ = {
			isa = PBXVariantGroup;
			children = (
				CF9B085219A3D89F000BAE68 /* en */,
			);
			name = InfoPlist.strings;
			sourceTree = "<group>";
		};
/* End PBXVariantGroup section */

/* Begin XCBuildConfiguration section */
		CF9B085619A3D89F000BAE68 /* Debug */ = {
			isa = XCBuildConfiguration;
			buildSettings = {
				ALWAYS_SEARCH_USER_PATHS = NO;
				CLANG_CXX_LANGUAGE_STANDARD = "gnu++0x";
				CLANG_CXX_LIBRARY = "libc++";
				CLANG_ENABLE_MODULES = YES;
				CLANG_ENABLE_OBJC_ARC = YES;
				CLANG_WARN_BOOL_CONVERSION = YES;
				CLANG_WARN_CONSTANT_CONVERSION = YES;
				CLANG_WARN_DIRECT_OBJC_ISA_USAGE = YES_ERROR;
				CLANG_WARN_EMPTY_BODY = YES;
				CLANG_WARN_ENUM_CONVERSION = YES;
				CLANG_WARN_INT_CONVERSION = YES;
				CLANG_WARN_OBJC_ROOT_CLASS = YES_ERROR;
				CLANG_WARN__DUPLICATE_METHOD_MATCH = YES;
				"CODE_SIGN_IDENTITY[sdk=iphoneos*]" = "iPhone Developer";
				COPY_PHASE_STRIP = NO;
				GCC_C_LANGUAGE_STANDARD = gnu99;
				GCC_DYNAMIC_NO_PIC = NO;
				GCC_OPTIMIZATION_LEVEL = 0;
				GCC_PREPROCESSOR_DEFINITIONS = (
					"DEBUG=1",
					"$(inherited)",
				);
				GCC_SYMBOLS_PRIVATE_EXTERN = NO;
				GCC_WARN_64_TO_32_BIT_CONVERSION = YES;
				GCC_WARN_ABOUT_RETURN_TYPE = YES_ERROR;
				GCC_WARN_UNDECLARED_SELECTOR = YES;
				GCC_WARN_UNINITIALIZED_AUTOS = YES_AGGRESSIVE;
				GCC_WARN_UNUSED_FUNCTION = YES;
				GCC_WARN_UNUSED_VARIABLE = YES;
				IPHONEOS_DEPLOYMENT_TARGET = 7.1;
				ONLY_ACTIVE_ARCH = YES;
				SDKROOT = iphoneos;
			};
			name = Debug;
		};
		CF9B085719A3D89F000BAE68 /* Release */ = {
			isa = XCBuildConfiguration;
			buildSettings = {
				ALWAYS_SEARCH_USER_PATHS = NO;
				CLANG_CXX_LANGUAGE_STANDARD = "gnu++0x";
				CLANG_CXX_LIBRARY = "libc++";
				CLANG_ENABLE_MODULES = YES;
				CLANG_ENABLE_OBJC_ARC = YES;
				CLANG_WARN_BOOL_CONVERSION = YES;
				CLANG_WARN_CONSTANT_CONVERSION = YES;
				CLANG_WARN_DIRECT_OBJC_ISA_USAGE = YES_ERROR;
				CLANG_WARN_EMPTY_BODY = YES;
				CLANG_WARN_ENUM_CONVERSION = YES;
				CLANG_WARN_INT_CONVERSION = YES;
				CLANG_WARN_OBJC_ROOT_CLASS = YES_ERROR;
				CLANG_WARN__DUPLICATE_METHOD_MATCH = YES;
				"CODE_SIGN_IDENTITY[sdk=iphoneos*]" = "iPhone Developer";
				COPY_PHASE_STRIP = YES;
				ENABLE_NS_ASSERTIONS = NO;
				GCC_C_LANGUAGE_STANDARD = gnu99;
				GCC_WARN_64_TO_32_BIT_CONVERSION = YES;
				GCC_WARN_ABOUT_RETURN_TYPE = YES_ERROR;
				GCC_WARN_UNDECLARED_SELECTOR = YES;
				GCC_WARN_UNINITIALIZED_AUTOS = YES_AGGRESSIVE;
				GCC_WARN_UNUSED_FUNCTION = YES;
				GCC_WARN_UNUSED_VARIABLE = YES;
				IPHONEOS_DEPLOYMENT_TARGET = 7.1;
				SDKROOT = iphoneos;
				VALIDATE_PRODUCT = YES;
			};
			name = Release;
		};
		CF9B085919A3D89F000BAE68 /* Debug */ = {
			isa = XCBuildConfiguration;
			buildSettings = {
				ASSETCATALOG_COMPILER_APPICON_NAME = AppIcon;
				ASSETCATALOG_COMPILER_LAUNCHIMAGE_NAME = LaunchImage;
				FRAMEWORK_SEARCH_PATHS = (
					"$(inherited)",
					/Users/yasinaktimur/Documents/FacebookSDK,
				);
				GCC_PRECOMPILE_PREFIX_HEADER = YES;
				GCC_PREFIX_HEADER = "CustomFBLogin/CustomFBLogin-Prefix.pch";
				INFOPLIST_FILE = "CustomFBLogin/CustomFBLogin-Info.plist";
				PRODUCT_NAME = "$(TARGET_NAME)";
				WRAPPER_EXTENSION = app;
			};
			name = Debug;
		};
		CF9B085A19A3D89F000BAE68 /* Release */ = {
			isa = XCBuildConfiguration;
			buildSettings = {
				ASSETCATALOG_COMPILER_APPICON_NAME = AppIcon;
				ASSETCATALOG_COMPILER_LAUNCHIMAGE_NAME = LaunchImage;
				FRAMEWORK_SEARCH_PATHS = (
					"$(inherited)",
					/Users/yasinaktimur/Documents/FacebookSDK,
				);
				GCC_PRECOMPILE_PREFIX_HEADER = YES;
				GCC_PREFIX_HEADER = "CustomFBLogin/CustomFBLogin-Prefix.pch";
				INFOPLIST_FILE = "CustomFBLogin/CustomFBLogin-Info.plist";
				PRODUCT_NAME = "$(TARGET_NAME)";
				WRAPPER_EXTENSION = app;
			};
			name = Release;
		};
		CF9B085C19A3D89F000BAE68 /* Debug */ = {
			isa = XCBuildConfiguration;
			buildSettings = {
				BUNDLE_LOADER = "$(BUILT_PRODUCTS_DIR)/CustomFBLogin.app/CustomFBLogin";
				FRAMEWORK_SEARCH_PATHS = (
					"$(SDKROOT)/Developer/Library/Frameworks",
					"$(inherited)",
					"$(DEVELOPER_FRAMEWORKS_DIR)",
				);
				GCC_PRECOMPILE_PREFIX_HEADER = YES;
				GCC_PREFIX_HEADER = "CustomFBLogin/CustomFBLogin-Prefix.pch";
				GCC_PREPROCESSOR_DEFINITIONS = (
					"DEBUG=1",
					"$(inherited)",
				);
				INFOPLIST_FILE = "CustomFBLoginTests/CustomFBLoginTests-Info.plist";
				PRODUCT_NAME = "$(TARGET_NAME)";
				TEST_HOST = "$(BUNDLE_LOADER)";
				WRAPPER_EXTENSION = xctest;
			};
			name = Debug;
		};
		CF9B085D19A3D89F000BAE68 /* Release */ = {
			isa = XCBuildConfiguration;
			buildSettings = {
				BUNDLE_LOADER = "$(BUILT_PRODUCTS_DIR)/CustomFBLogin.app/CustomFBLogin";
				FRAMEWORK_SEARCH_PATHS = (
					"$(SDKROOT)/Developer/Library/Frameworks",
					"$(inherited)",
					"$(DEVELOPER_FRAMEWORKS_DIR)",
				);
				GCC_PRECOMPILE_PREFIX_HEADER = YES;
				GCC_PREFIX_HEADER = "CustomFBLogin/CustomFBLogin-Prefix.pch";
				INFOPLIST_FILE = "CustomFBLoginTests/CustomFBLoginTests-Info.plist";
				PRODUCT_NAME = "$(TARGET_NAME)";
				TEST_HOST = "$(BUNDLE_LOADER)";
				WRAPPER_EXTENSION = xctest;
			};
			name = Release;
		};
/* End XCBuildConfiguration section */

/* Begin XCConfigurationList section */
		CF9B082119A3D89F000BAE68 /* Build configuration list for PBXProject "CustomFBLogin" */ = {
			isa = XCConfigurationList;
			buildConfigurations = (
				CF9B085619A3D89F000BAE68 /* Debug */,
				CF9B085719A3D89F000BAE68 /* Release */,
			);
			defaultConfigurationIsVisible = 0;
			defaultConfigurationName = Release;
		};
		CF9B085819A3D89F000BAE68 /* Build configuration list for PBXNativeTarget "CustomFBLogin" */ = {
			isa = XCConfigurationList;
			buildConfigurations = (
				CF9B085919A3D89F000BAE68 /* Debug */,
				CF9B085A19A3D89F000BAE68 /* Release */,
			);
			defaultConfigurationIsVisible = 0;
			defaultConfigurationName = Release;
		};
		CF9B085B19A3D89F000BAE68 /* Build configuration list for PBXNativeTarget "CustomFBLoginTests" */ = {
			isa = XCConfigurationList;
			buildConfigurations = (
				CF9B085C19A3D89F000BAE68 /* Debug */,
				CF9B085D19A3D89F000BAE68 /* Release */,
			);
			defaultConfigurationIsVisible = 0;
			defaultConfigurationName = Release;
		};
/* End XCConfigurationList section */
	};
	rootObject = CF9B081E19A3D89F000BAE68 /* Project object */;
}
